// !$*UTF8*$!
{
	archiveVersion = 1;
	classes = {
	};
	objectVersion = 50;
	objects = {

/* Begin PBXBuildFile section */
		61D731002120666900187AE7 /* AppDelegate.swift in Sources */ = {isa = PBXBuildFile; fileRef = 61D730FF2120666900187AE7 /* AppDelegate.swift */; };
		61D731052120666900187AE7 /* Main.storyboard in Resources */ = {isa = PBXBuildFile; fileRef = 61D731032120666900187AE7 /* Main.storyboard */; };
		61D731072120666A00187AE7 /* Assets.xcassets in Resources */ = {isa = PBXBuildFile; fileRef = 61D731062120666A00187AE7 /* Assets.xcassets */; };
		61D7310A2120666A00187AE7 /* LaunchScreen.storyboard in Resources */ = {isa = PBXBuildFile; fileRef = 61D731082120666A00187AE7 /* LaunchScreen.storyboard */; };
		61D7311621206CCC00187AE7 /* CustomCell.xib in Resources */ = {isa = PBXBuildFile; fileRef = 61D7311521206CCC00187AE7 /* CustomCell.xib */; };
		61D731182120703200187AE7 /* GitCommitsController.swift in Sources */ = {isa = PBXBuildFile; fileRef = 61D731172120703200187AE7 /* GitCommitsController.swift */; };
		61D7311A2120708400187AE7 /* CustomTableViewCell.swift in Sources */ = {isa = PBXBuildFile; fileRef = 61D731192120708400187AE7 /* CustomTableViewCell.swift */; };
		61D7311C212072B100187AE7 /* GitCommitsTableView.swift in Sources */ = {isa = PBXBuildFile; fileRef = 61D7311B212072B100187AE7 /* GitCommitsTableView.swift */; };
		61D731212120765D00187AE7 /* APIClient.swift in Sources */ = {isa = PBXBuildFile; fileRef = 61D731202120765D00187AE7 /* APIClient.swift */; };
		61D73129212077DA00187AE7 /* Author.swift in Sources */ = {isa = PBXBuildFile; fileRef = 61D73128212077DA00187AE7 /* Author.swift */; };
		61D7312B212079E500187AE7 /* People.swift in Sources */ = {isa = PBXBuildFile; fileRef = 61D7312A212079E500187AE7 /* People.swift */; };
		61D7312D21207A6000187AE7 /* Image.swift in Sources */ = {isa = PBXBuildFile; fileRef = 61D7312C21207A6000187AE7 /* Image.swift */; };
		61D7312F21207B9400187AE7 /* Root.swift in Sources */ = {isa = PBXBuildFile; fileRef = 61D7312E21207B9400187AE7 /* Root.swift */; };
		61D7313221207C6900187AE7 /* APIManager.swift in Sources */ = {isa = PBXBuildFile; fileRef = 61D7313121207C6900187AE7 /* APIManager.swift */; };
		61D731342120B2B100187AE7 /* Colors.swift in Sources */ = {isa = PBXBuildFile; fileRef = 61D731332120B2B100187AE7 /* Colors.swift */; };
		61D731392120B89700187AE7 /* Identifiers.swift in Sources */ = {isa = PBXBuildFile; fileRef = 61D731382120B89700187AE7 /* Identifiers.swift */; };
		61D7313B2120B8FD00187AE7 /* Nibs.swift in Sources */ = {isa = PBXBuildFile; fileRef = 61D7313A2120B8FD00187AE7 /* Nibs.swift */; };
		61D7313D2120B98900187AE7 /* URLS.swift in Sources */ = {isa = PBXBuildFile; fileRef = 61D7313C2120B98900187AE7 /* URLS.swift */; };
		61D7313F2120BAC400187AE7 /* Dates.swift in Sources */ = {isa = PBXBuildFile; fileRef = 61D7313E2120BAC400187AE7 /* Dates.swift */; };
/* End PBXBuildFile section */

/* Begin PBXFileReference section */
		61D730FC2120666900187AE7 /* GithubCommits.app */ = {isa = PBXFileReference; explicitFileType = wrapper.application; includeInIndex = 0; path = GithubCommits.app; sourceTree = BUILT_PRODUCTS_DIR; };
		61D730FF2120666900187AE7 /* AppDelegate.swift */ = {isa = PBXFileReference; lastKnownFileType = sourcecode.swift; path = AppDelegate.swift; sourceTree = "<group>"; };
		61D731042120666900187AE7 /* Base */ = {isa = PBXFileReference; lastKnownFileType = file.storyboard; name = Base; path = Base.lproj/Main.storyboard; sourceTree = "<group>"; };
		61D731062120666A00187AE7 /* Assets.xcassets */ = {isa = PBXFileReference; lastKnownFileType = folder.assetcatalog; path = Assets.xcassets; sourceTree = "<group>"; };
		61D731092120666A00187AE7 /* Base */ = {isa = PBXFileReference; lastKnownFileType = file.storyboard; name = Base; path = Base.lproj/LaunchScreen.storyboard; sourceTree = "<group>"; };
		61D7310B2120666A00187AE7 /* Info.plist */ = {isa = PBXFileReference; lastKnownFileType = text.plist.xml; path = Info.plist; sourceTree = "<group>"; };
		61D7311521206CCC00187AE7 /* CustomCell.xib */ = {isa = PBXFileReference; lastKnownFileType = file.xib; path = CustomCell.xib; sourceTree = "<group>"; };
		61D731172120703200187AE7 /* GitCommitsController.swift */ = {isa = PBXFileReference; lastKnownFileType = sourcecode.swift; path = GitCommitsController.swift; sourceTree = "<group>"; };
		61D731192120708400187AE7 /* CustomTableViewCell.swift */ = {isa = PBXFileReference; lastKnownFileType = sourcecode.swift; path = CustomTableViewCell.swift; sourceTree = "<group>"; };
		61D7311B212072B100187AE7 /* GitCommitsTableView.swift */ = {isa = PBXFileReference; lastKnownFileType = sourcecode.swift; path = GitCommitsTableView.swift; sourceTree = "<group>"; };
		61D731202120765D00187AE7 /* APIClient.swift */ = {isa = PBXFileReference; lastKnownFileType = sourcecode.swift; path = APIClient.swift; sourceTree = "<group>"; };
		61D73128212077DA00187AE7 /* Author.swift */ = {isa = PBXFileReference; lastKnownFileType = sourcecode.swift; path = Author.swift; sourceTree = "<group>"; };
		61D7312A212079E500187AE7 /* People.swift */ = {isa = PBXFileReference; lastKnownFileType = sourcecode.swift; path = People.swift; sourceTree = "<group>"; };
		61D7312C21207A6000187AE7 /* Image.swift */ = {isa = PBXFileReference; lastKnownFileType = sourcecode.swift; path = Image.swift; sourceTree = "<group>"; };
		61D7312E21207B9400187AE7 /* Root.swift */ = {isa = PBXFileReference; lastKnownFileType = sourcecode.swift; path = Root.swift; sourceTree = "<group>"; };
		61D7313121207C6900187AE7 /* APIManager.swift */ = {isa = PBXFileReference; lastKnownFileType = sourcecode.swift; path = APIManager.swift; sourceTree = "<group>"; };
		61D731332120B2B100187AE7 /* Colors.swift */ = {isa = PBXFileReference; lastKnownFileType = sourcecode.swift; path = Colors.swift; sourceTree = "<group>"; };
		61D731382120B89700187AE7 /* Identifiers.swift */ = {isa = PBXFileReference; lastKnownFileType = sourcecode.swift; path = Identifiers.swift; sourceTree = "<group>"; };
		61D7313A2120B8FD00187AE7 /* Nibs.swift */ = {isa = PBXFileReference; lastKnownFileType = sourcecode.swift; path = Nibs.swift; sourceTree = "<group>"; };
		61D7313C2120B98900187AE7 /* URLS.swift */ = {isa = PBXFileReference; lastKnownFileType = sourcecode.swift; path = URLS.swift; sourceTree = "<group>"; };
		61D7313E2120BAC400187AE7 /* Dates.swift */ = {isa = PBXFileReference; lastKnownFileType = sourcecode.swift; path = Dates.swift; sourceTree = "<group>"; };
/* End PBXFileReference section */

/* Begin PBXFrameworksBuildPhase section */
		61D730F92120666900187AE7 /* Frameworks */ = {
			isa = PBXFrameworksBuildPhase;
			buildActionMask = 2147483647;
			files = (
			);
			runOnlyForDeploymentPostprocessing = 0;
		};
/* End PBXFrameworksBuildPhase section */

/* Begin PBXGroup section */
		61D730F32120666800187AE7 = {
			isa = PBXGroup;
			children = (
				61D730FE2120666900187AE7 /* GithubCommits */,
				61D730FD2120666900187AE7 /* Products */,
			);
			sourceTree = "<group>";
		};
		61D730FD2120666900187AE7 /* Products */ = {
			isa = PBXGroup;
			children = (
				61D730FC2120666900187AE7 /* GithubCommits.app */,
			);
			name = Products;
			sourceTree = "<group>";
		};
		61D730FE2120666900187AE7 /* GithubCommits */ = {
			isa = PBXGroup;
			children = (
				61D731372120B87F00187AE7 /* Helpers */,
				61D7313021207C2900187AE7 /* API */,
				61D7311F2120764400187AE7 /* APIClient */,
				61D7311221206A9B00187AE7 /* Models */,
				61D7311321206AAA00187AE7 /* Views */,
				61D7311421206AB200187AE7 /* Controllers */,
				61D7311D212072D000187AE7 /* Extensions */,
				61D7310B2120666A00187AE7 /* Info.plist */,
				61D7311121206A7800187AE7 /* Supporting Files */,
			);
			path = GithubCommits;
			sourceTree = "<group>";
		};
		61D7311121206A7800187AE7 /* Supporting Files */ = {
			isa = PBXGroup;
			children = (
				61D730FF2120666900187AE7 /* AppDelegate.swift */,
				61D731062120666A00187AE7 /* Assets.xcassets */,
				61D731082120666A00187AE7 /* LaunchScreen.storyboard */,
			);
			path = "Supporting Files";
			sourceTree = "<group>";
		};
		61D7311221206A9B00187AE7 /* Models */ = {
			isa = PBXGroup;
			children = (
				61D73128212077DA00187AE7 /* Author.swift */,
				61D7312A212079E500187AE7 /* People.swift */,
				61D7312C21207A6000187AE7 /* Image.swift */,
				61D7312E21207B9400187AE7 /* Root.swift */,
			);
			path = Models;
			sourceTree = "<group>";
		};
		61D7311321206AAA00187AE7 /* Views */ = {
			isa = PBXGroup;
			children = (
				61D731192120708400187AE7 /* CustomTableViewCell.swift */,
				61D731032120666900187AE7 /* Main.storyboard */,
				61D7311521206CCC00187AE7 /* CustomCell.xib */,
			);
			path = Views;
			sourceTree = "<group>";
		};
		61D7311421206AB200187AE7 /* Controllers */ = {
			isa = PBXGroup;
			children = (
				61D731172120703200187AE7 /* GitCommitsController.swift */,
			);
			path = Controllers;
			sourceTree = "<group>";
		};
		61D7311D212072D000187AE7 /* Extensions */ = {
			isa = PBXGroup;
			children = (
				61D7311B212072B100187AE7 /* GitCommitsTableView.swift */,
				61D731332120B2B100187AE7 /* Colors.swift */,
			);
			path = Extensions;
			sourceTree = "<group>";
		};
		61D7311F2120764400187AE7 /* APIClient */ = {
			isa = PBXGroup;
			children = (
				61D731202120765D00187AE7 /* APIClient.swift */,
			);
			path = APIClient;
			sourceTree = "<group>";
		};
		61D7313021207C2900187AE7 /* API */ = {
			isa = PBXGroup;
			children = (
				61D7313121207C6900187AE7 /* APIManager.swift */,
			);
			path = API;
			sourceTree = "<group>";
		};
		61D731372120B87F00187AE7 /* Helpers */ = {
			isa = PBXGroup;
			children = (
				61D731382120B89700187AE7 /* Identifiers.swift */,
				61D7313A2120B8FD00187AE7 /* Nibs.swift */,
				61D7313C2120B98900187AE7 /* URLS.swift */,
				61D7313E2120BAC400187AE7 /* Dates.swift */,
			);
			path = Helpers;
			sourceTree = "<group>";
		};
/* End PBXGroup section */

/* Begin PBXNativeTarget section */
		61D730FB2120666900187AE7 /* GithubCommits */ = {
			isa = PBXNativeTarget;
			buildConfigurationList = 61D7310E2120666A00187AE7 /* Build configuration list for PBXNativeTarget "GithubCommits" */;
			buildPhases = (
				61D730F82120666900187AE7 /* Sources */,
				61D730F92120666900187AE7 /* Frameworks */,
				61D730FA2120666900187AE7 /* Resources */,
			);
			buildRules = (
			);
			dependencies = (
			);
			name = GithubCommits;
			productName = GithubCommits;
			productReference = 61D730FC2120666900187AE7 /* GithubCommits.app */;
			productType = "com.apple.product-type.application";
		};
/* End PBXNativeTarget section */

/* Begin PBXProject section */
		61D730F42120666800187AE7 /* Project object */ = {
			isa = PBXProject;
			attributes = {
				LastSwiftUpdateCheck = 1000;
				LastUpgradeCheck = 1000;
				ORGANIZATIONNAME = "Bashir Sentongo";
				TargetAttributes = {
					61D730FB2120666900187AE7 = {
						CreatedOnToolsVersion = 10.0;
					};
				};
			};
			buildConfigurationList = 61D730F72120666800187AE7 /* Build configuration list for PBXProject "GithubCommits" */;
			compatibilityVersion = "Xcode 9.3";
			developmentRegion = en;
			hasScannedForEncodings = 0;
			knownRegions = (
				en,
				Base,
			);
			mainGroup = 61D730F32120666800187AE7;
			productRefGroup = 61D730FD2120666900187AE7 /* Products */;
			projectDirPath = "";
			projectRoot = "";
			targets = (
				61D730FB2120666900187AE7 /* GithubCommits */,
			);
		};
/* End PBXProject section */

/* Begin PBXResourcesBuildPhase section */
		61D730FA2120666900187AE7 /* Resources */ = {
			isa = PBXResourcesBuildPhase;
			buildActionMask = 2147483647;
			files = (
				61D7310A2120666A00187AE7 /* LaunchScreen.storyboard in Resources */,
				61D731072120666A00187AE7 /* Assets.xcassets in Resources */,
				61D7311621206CCC00187AE7 /* CustomCell.xib in Resources */,
				61D731052120666900187AE7 /* Main.storyboard in Resources */,
			);
			runOnlyForDeploymentPostprocessing = 0;
		};
/* End PBXResourcesBuildPhase section */

/* Begin PBXSourcesBuildPhase section */
		61D730F82120666900187AE7 /* Sources */ = {
			isa = PBXSourcesBuildPhase;
			buildActionMask = 2147483647;
			files = (
				61D7311A2120708400187AE7 /* CustomTableViewCell.swift in Sources */,
				61D7313D2120B98900187AE7 /* URLS.swift in Sources */,
				61D731342120B2B100187AE7 /* Colors.swift in Sources */,
				61D7312B212079E500187AE7 /* People.swift in Sources */,
				61D7313221207C6900187AE7 /* APIManager.swift in Sources */,
				61D73129212077DA00187AE7 /* Author.swift in Sources */,
				61D7313F2120BAC400187AE7 /* Dates.swift in Sources */,
				61D7312D21207A6000187AE7 /* Image.swift in Sources */,
				61D731002120666900187AE7 /* AppDelegate.swift in Sources */,
				61D7313B2120B8FD00187AE7 /* Nibs.swift in Sources */,
				61D7312F21207B9400187AE7 /* Root.swift in Sources */,
				61D731182120703200187AE7 /* GitCommitsController.swift in Sources */,
				61D731212120765D00187AE7 /* APIClient.swift in Sources */,
				61D731392120B89700187AE7 /* Identifiers.swift in Sources */,
				61D7311C212072B100187AE7 /* GitCommitsTableView.swift in Sources */,
			);
			runOnlyForDeploymentPostprocessing = 0;
		};
/* End PBXSourcesBuildPhase section */

/* Begin PBXVariantGroup section */
		61D731032120666900187AE7 /* Main.storyboard */ = {
			isa = PBXVariantGroup;
			children = (
				61D731042120666900187AE7 /* Base */,
			);
			name = Main.storyboard;
			sourceTree = "<group>";
		};
		61D731082120666A00187AE7 /* LaunchScreen.storyboard */ = {
			isa = PBXVariantGroup;
			children = (
				61D731092120666A00187AE7 /* Base */,
			);
			name = LaunchScreen.storyboard;
			sourceTree = "<group>";
		};
/* End PBXVariantGroup section */

/* Begin XCBuildConfiguration section */
		61D7310C2120666A00187AE7 /* Debug */ = {
			isa = XCBuildConfiguration;
			buildSettings = {
				ALWAYS_SEARCH_USER_PATHS = NO;
				CLANG_ANALYZER_NONNULL = YES;
				CLANG_ANALYZER_NUMBER_OBJECT_CONVERSION = YES_AGGRESSIVE;
				CLANG_CXX_LANGUAGE_STANDARD = "gnu++14";
				CLANG_CXX_LIBRARY = "libc++";
				CLANG_ENABLE_MODULES = YES;
				CLANG_ENABLE_OBJC_ARC = YES;
				CLANG_ENABLE_OBJC_WEAK = YES;
				CLANG_WARN_BLOCK_CAPTURE_AUTORELEASING = YES;
				CLANG_WARN_BOOL_CONVERSION = YES;
				CLANG_WARN_COMMA = YES;
				CLANG_WARN_CONSTANT_CONVERSION = YES;
				CLANG_WARN_DEPRECATED_OBJC_IMPLEMENTATIONS = YES;
				CLANG_WARN_DIRECT_OBJC_ISA_USAGE = YES_ERROR;
				CLANG_WARN_DOCUMENTATION_COMMENTS = YES;
				CLANG_WARN_EMPTY_BODY = YES;
				CLANG_WARN_ENUM_CONVERSION = YES;
				CLANG_WARN_INFINITE_RECURSION = YES;
				CLANG_WARN_INT_CONVERSION = YES;
				CLANG_WARN_NON_LITERAL_NULL_CONVERSION = YES;
				CLANG_WARN_OBJC_IMPLICIT_RETAIN_SELF = YES;
				CLANG_WARN_OBJC_LITERAL_CONVERSION = YES;
				CLANG_WARN_OBJC_ROOT_CLASS = YES_ERROR;
				CLANG_WARN_RANGE_LOOP_ANALYSIS = YES;
				CLANG_WARN_STRICT_PROTOTYPES = YES;
				CLANG_WARN_SUSPICIOUS_MOVE = YES;
				CLANG_WARN_UNGUARDED_AVAILABILITY = YES_AGGRESSIVE;
				CLANG_WARN_UNREACHABLE_CODE = YES;
				CLANG_WARN__DUPLICATE_METHOD_MATCH = YES;
				CODE_SIGN_IDENTITY = "iPhone Developer";
				COPY_PHASE_STRIP = NO;
				DEBUG_INFORMATION_FORMAT = dwarf;
				ENABLE_STRICT_OBJC_MSGSEND = YES;
				ENABLE_TESTABILITY = YES;
				GCC_C_LANGUAGE_STANDARD = gnu11;
				GCC_DYNAMIC_NO_PIC = NO;
				GCC_NO_COMMON_BLOCKS = YES;
				GCC_OPTIMIZATION_LEVEL = 0;
				GCC_PREPROCESSOR_DEFINITIONS = (
					"DEBUG=1",
					"$(inherited)",
				);
				GCC_WARN_64_TO_32_BIT_CONVERSION = YES;
				GCC_WARN_ABOUT_RETURN_TYPE = YES_ERROR;
				GCC_WARN_UNDECLARED_SELECTOR = YES;
				GCC_WARN_UNINITIALIZED_AUTOS = YES_AGGRESSIVE;
				GCC_WARN_UNUSED_FUNCTION = YES;
				GCC_WARN_UNUSED_VARIABLE = YES;
				IPHONEOS_DEPLOYMENT_TARGET = 12.0;
				MTL_ENABLE_DEBUG_INFO = INCLUDE_SOURCE;
				ONLY_ACTIVE_ARCH = YES;
				SDKROOT = iphoneos;
				SWIFT_ACTIVE_COMPILATION_CONDITIONS = DEBUG;
				SWIFT_OPTIMIZATION_LEVEL = "-Onone";
			};
			name = Debug;
		};
		61D7310D2120666A00187AE7 /* Release */ = {
			isa = XCBuildConfiguration;
			buildSettings = {
				ALWAYS_SEARCH_USER_PATHS = NO;
				CLANG_ANALYZER_NONNULL = YES;
				CLANG_ANALYZER_NUMBER_OBJECT_CONVERSION = YES_AGGRESSIVE;
				CLANG_CXX_LANGUAGE_STANDARD = "gnu++14";
				CLANG_CXX_LIBRARY = "libc++";
				CLANG_ENABLE_MODULES = YES;
				CLANG_ENABLE_OBJC_ARC = YES;
				CLANG_ENABLE_OBJC_WEAK = YES;
				CLANG_WARN_BLOCK_CAPTURE_AUTORELEASING = YES;
				CLANG_WARN_BOOL_CONVERSION = YES;
				CLANG_WARN_COMMA = YES;
				CLANG_WARN_CONSTANT_CONVERSION = YES;
				CLANG_WARN_DEPRECATED_OBJC_IMPLEMENTATIONS = YES;
				CLANG_WARN_DIRECT_OBJC_ISA_USAGE = YES_ERROR;
				CLANG_WARN_DOCUMENTATION_COMMENTS = YES;
				CLANG_WARN_EMPTY_BODY = YES;
				CLANG_WARN_ENUM_CONVERSION = YES;
				CLANG_WARN_INFINITE_RECURSION = YES;
				CLANG_WARN_INT_CONVERSION = YES;
				CLANG_WARN_NON_LITERAL_NULL_CONVERSION = YES;
				CLANG_WARN_OBJC_IMPLICIT_RETAIN_SELF = YES;
				CLANG_WARN_OBJC_LITERAL_CONVERSION = YES;
				CLANG_WARN_OBJC_ROOT_CLASS = YES_ERROR;
				CLANG_WARN_RANGE_LOOP_ANALYSIS = YES;
				CLANG_WARN_STRICT_PROTOTYPES = YES;
				CLANG_WARN_SUSPICIOUS_MOVE = YES;
				CLANG_WARN_UNGUARDED_AVAILABILITY = YES_AGGRESSIVE;
				CLANG_WARN_UNREACHABLE_CODE = YES;
				CLANG_WARN__DUPLICATE_METHOD_MATCH = YES;
				CODE_SIGN_IDENTITY = "iPhone Developer";
				COPY_PHASE_STRIP = NO;
				DEBUG_INFORMATION_FORMAT = "dwarf-with-dsym";
				ENABLE_NS_ASSERTIONS = NO;
				ENABLE_STRICT_OBJC_MSGSEND = YES;
				GCC_C_LANGUAGE_STANDARD = gnu11;
				GCC_NO_COMMON_BLOCKS = YES;
				GCC_WARN_64_TO_32_BIT_CONVERSION = YES;
				GCC_WARN_ABOUT_RETURN_TYPE = YES_ERROR;
				GCC_WARN_UNDECLARED_SELECTOR = YES;
				GCC_WARN_UNINITIALIZED_AUTOS = YES_AGGRESSIVE;
				GCC_WARN_UNUSED_FUNCTION = YES;
				GCC_WARN_UNUSED_VARIABLE = YES;
				IPHONEOS_DEPLOYMENT_TARGET = 12.0;
				MTL_ENABLE_DEBUG_INFO = NO;
				SDKROOT = iphoneos;
				SWIFT_COMPILATION_MODE = wholemodule;
				SWIFT_OPTIMIZATION_LEVEL = "-O";
				VALIDATE_PRODUCT = YES;
			};
			name = Release;
		};
		61D7310F2120666A00187AE7 /* Debug */ = {
			isa = XCBuildConfiguration;
			buildSettings = {
				ASSETCATALOG_COMPILER_APPICON_NAME = AppIcon;
				CODE_SIGN_STYLE = Automatic;
				DEVELOPMENT_TEAM = 5X9NB9TY7D;
				INFOPLIST_FILE = GithubCommits/Info.plist;
				LD_RUNPATH_SEARCH_PATHS = (
					"$(inherited)",
					"@executable_path/Frameworks",
				);
				PRODUCT_BUNDLE_IDENTIFIER = BashirskLLC.GithubCommits;
				PRODUCT_NAME = "$(TARGET_NAME)";
				SWIFT_VERSION = 4.2;
				TARGETED_DEVICE_FAMILY = "1,2";
			};
			name = Debug;
		};
		61D731102120666A00187AE7 /* Release */ = {
			isa = XCBuildConfiguration;
			buildSettings = {
				ASSETCATALOG_COMPILER_APPICON_NAME = AppIcon;
				CODE_SIGN_STYLE = Automatic;
				DEVELOPMENT_TEAM = 5X9NB9TY7D;
				INFOPLIST_FILE = GithubCommits/Info.plist;
				LD_RUNPATH_SEARCH_PATHS = (
					"$(inherited)",
					"@executable_path/Frameworks",
				);
				PRODUCT_BUNDLE_IDENTIFIER = BashirskLLC.GithubCommits;
				PRODUCT_NAME = "$(TARGET_NAME)";
				SWIFT_VERSION = 4.2;
				TARGETED_DEVICE_FAMILY = "1,2";
			};
			name = Release;
		};
/* End XCBuildConfiguration section */

/* Begin XCConfigurationList section */
		61D730F72120666800187AE7 /* Build configuration list for PBXProject "GithubCommits" */ = {
			isa = XCConfigurationList;
			buildConfigurations = (
				61D7310C2120666A00187AE7 /* Debug */,
				61D7310D2120666A00187AE7 /* Release */,
			);
			defaultConfigurationIsVisible = 0;
			defaultConfigurationName = Release;
		};
		61D7310E2120666A00187AE7 /* Build configuration list for PBXNativeTarget "GithubCommits" */ = {
			isa = XCConfigurationList;
			buildConfigurations = (
				61D7310F2120666A00187AE7 /* Debug */,
				61D731102120666A00187AE7 /* Release */,
			);
			defaultConfigurationIsVisible = 0;
			defaultConfigurationName = Release;
		};
/* End XCConfigurationList section */
	};
	rootObject = 61D730F42120666800187AE7 /* Project object */;
}
